
Microsoft Visual Studio Solution File, Format Version 12.00
# Visual Studio 15
VisualStudioVersion = 15.0.26124.0
MinimumVisualStudioVersion = 15.0.26124.0
Project("{FAE04EC0-301F-11D3-BF4B-00C04F79EFBC}") = "CoreApp.Web", "CoreApp.Web\CoreApp.Web.csproj", "{E83293D3-0783-446C-92D9-D6DF6FAB4D45}"
EndProject
Project("{FAE04EC0-301F-11D3-BF4B-00C04F79EFBC}") = "CoreApp.Tests", "CoreApp.Tests\CoreApp.Tests.csproj", "{845C8008-81E3-45FC-8649-4029405BF4EE}"
EndProject
Global
	GlobalSection(SolutionConfigurationPlatforms) = preSolution
		Debug|Any CPU = Debug|Any CPU
		Debug|x64 = Debug|x64
		Debug|x86 = Debug|x86
		Release|Any CPU = Release|Any CPU
		Release|x64 = Release|x64
		Release|x86 = Release|x86
	EndGlobalSection
	GlobalSection(SolutionProperties) = preSolution
		HideSolutionNode = FALSE
	EndGlobalSection
	GlobalSection(ProjectConfigurationPlatforms) = postSolution
		{E83293D3-0783-446C-92D9-D6DF6FAB4D45}.Debug|Any CPU.ActiveCfg = Debug|Any CPU
		{E83293D3-0783-446C-92D9-D6DF6FAB4D45}.Debug|Any CPU.Build.0 = Debug|Any CPU
		{E83293D3-0783-446C-92D9-D6DF6FAB4D45}.Debug|x64.ActiveCfg = Debug|Any CPU
		{E83293D3-0783-446C-92D9-D6DF6FAB4D45}.Debug|x64.Build.0 = Debug|Any CPU
		{E83293D3-0783-446C-92D9-D6DF6FAB4D45}.Debug|x86.ActiveCfg = Debug|Any CPU
		{E83293D3-0783-446C-92D9-D6DF6FAB4D45}.Debug|x86.Build.0 = Debug|Any CPU
		{E83293D3-0783-446C-92D9-D6DF6FAB4D45}.Release|Any CPU.ActiveCfg = Release|Any CPU
		{E83293D3-0783-446C-92D9-D6DF6FAB4D45}.Release|Any CPU.Build.0 = Release|Any CPU
		{E83293D3-0783-446C-92D9-D6DF6FAB4D45}.Release|x64.ActiveCfg = Release|Any CPU
		{E83293D3-0783-446C-92D9-D6DF6FAB4D45}.Release|x64.Build.0 = Release|Any CPU
		{E83293D3-0783-446C-92D9-D6DF6FAB4D45}.Release|x86.ActiveCfg = Release|Any CPU
		{E83293D3-0783-446C-92D9-D6DF6FAB4D45}.Release|x86.Build.0 = Release|Any CPU
		{845C8008-81E3-45FC-8649-4029405BF4EE}.Debug|Any CPU.ActiveCfg = Debug|Any CPU
		{845C8008-81E3-45FC-8649-4029405BF4EE}.Debug|Any CPU.Build.0 = Debug|Any CPU
		{845C8008-81E3-45FC-8649-4029405BF4EE}.Debug|x64.ActiveCfg = Debug|Any CPU
		{845C8008-81E3-45FC-8649-4029405BF4EE}.Debug|x64.Build.0 = Debug|Any CPU
		{845C8008-81E3-45FC-8649-4029405BF4EE}.Debug|x86.ActiveCfg = Debug|Any CPU
		{845C8008-81E3-45FC-8649-4029405BF4EE}.Debug|x86.Build.0 = Debug|Any CPU
		{845C8008-81E3-45FC-8649-4029405BF4EE}.Release|Any CPU.ActiveCfg = Release|Any CPU
		{845C8008-81E3-45FC-8649-4029405BF4EE}.Release|Any CPU.Build.0 = Release|Any CPU
		{845C8008-81E3-45FC-8649-4029405BF4EE}.Release|x64.ActiveCfg = Release|Any CPU
		{845C8008-81E3-45FC-8649-4029405BF4EE}.Release|x64.Build.0 = Release|Any CPU
		{845C8008-81E3-45FC-8649-4029405BF4EE}.Release|x86.ActiveCfg = Release|Any CPU
		{845C8008-81E3-45FC-8649-4029405BF4EE}.Release|x86.Build.0 = Release|Any CPU
	EndGlobalSection
EndGlobal
